// !$*UTF8*$!
{
	archiveVersion = 1;
	classes = {
	};
	objectVersion = 46;
	objects = {

/* Begin PBXBuildFile section */
		3305CC8A1E75E4C1000B3B85 /* GoogleService-Info.plist in Resources */ = {isa = PBXBuildFile; fileRef = 3305CC891E75E4C1000B3B85 /* GoogleService-Info.plist */; };
		3314BA461FDC469900C42CF5 /* ExercisesVC.swift in Sources */ = {isa = PBXBuildFile; fileRef = 3314BA451FDC469900C42CF5 /* ExercisesVC.swift */; };
		3314BA4C1FDC55B300C42CF5 /* Exercise.swift in Sources */ = {isa = PBXBuildFile; fileRef = 3314BA4B1FDC55B300C42CF5 /* Exercise.swift */; };
		3314BA4E1FDC581600C42CF5 /* WorkoutEx.swift in Sources */ = {isa = PBXBuildFile; fileRef = 3314BA4D1FDC581600C42CF5 /* WorkoutEx.swift */; };
		3314BA521FDC5E4100C42CF5 /* WorkoutsVC.swift in Sources */ = {isa = PBXBuildFile; fileRef = 3314BA511FDC5E4100C42CF5 /* WorkoutsVC.swift */; };
		3314BA541FDC61A400C42CF5 /* ProfileVC.swift in Sources */ = {isa = PBXBuildFile; fileRef = 3314BA531FDC61A400C42CF5 /* ProfileVC.swift */; };
		3321E5FF1FDDE33500E2995D /* ExerciseDetailsVC.swift in Sources */ = {isa = PBXBuildFile; fileRef = 3321E5FE1FDDE33500E2995D /* ExerciseDetailsVC.swift */; };
		3321E6011FDDE4B100E2995D /* ExerciseDetailsDescVC.swift in Sources */ = {isa = PBXBuildFile; fileRef = 3321E6001FDDE4B100E2995D /* ExerciseDetailsDescVC.swift */; };
		3321E6031FDDE4C000E2995D /* ExerciseDetailsGifVC.swift in Sources */ = {isa = PBXBuildFile; fileRef = 3321E6021FDDE4C000E2995D /* ExerciseDetailsGifVC.swift */; };
		3321E61D1FDE064800E2995D /* calfraises_gif.gif in Resources */ = {isa = PBXBuildFile; fileRef = 3321E6131FDE062500E2995D /* calfraises_gif.gif */; };
		3321E61E1FDE064800E2995D /* chinup_gif.gif in Resources */ = {isa = PBXBuildFile; fileRef = 3321E6141FDE062500E2995D /* chinup_gif.gif */; };
		3321E61F1FDE064800E2995D /* dip_gif.gif in Resources */ = {isa = PBXBuildFile; fileRef = 3321E6151FDE062500E2995D /* dip_gif.gif */; };
		3321E6201FDE064800E2995D /* inclinedpushup_gif.gif in Resources */ = {isa = PBXBuildFile; fileRef = 3321E6161FDE062500E2995D /* inclinedpushup_gif.gif */; };
		3321E6211FDE064800E2995D /* legraise_gif.gif in Resources */ = {isa = PBXBuildFile; fileRef = 3321E6171FDE062500E2995D /* legraise_gif.gif */; };
		3321E6221FDE064800E2995D /* lunge_gif.gif in Resources */ = {isa = PBXBuildFile; fileRef = 3321E6181FDE062500E2995D /* lunge_gif.gif */; };
		3321E6231FDE064800E2995D /* pullup_gif.gif in Resources */ = {isa = PBXBuildFile; fileRef = 3321E6191FDE062500E2995D /* pullup_gif.gif */; };
		3321E6241FDE064800E2995D /* pushup_gif.gif in Resources */ = {isa = PBXBuildFile; fileRef = 3321E61A1FDE062500E2995D /* pushup_gif.gif */; };
		3321E6251FDE064800E2995D /* situp_gif.gif in Resources */ = {isa = PBXBuildFile; fileRef = 3321E61B1FDE062500E2995D /* situp_gif.gif */; };
		3321E6261FDE064800E2995D /* squat_gif.gif in Resources */ = {isa = PBXBuildFile; fileRef = 3321E61C1FDE062500E2995D /* squat_gif.gif */; };
		336B14591FDEA9810029573D /* HomeVC.swift in Sources */ = {isa = PBXBuildFile; fileRef = 336B14581FDEA9810029573D /* HomeVC.swift */; };
		336B145C1FDEC0CA0029573D /* WorkoutsPersonalisedVC.swift in Sources */ = {isa = PBXBuildFile; fileRef = 336B145B1FDEC0C90029573D /* WorkoutsPersonalisedVC.swift */; };
		339194B61FDC19FA00EDECC0 /* Extensions.swift in Sources */ = {isa = PBXBuildFile; fileRef = 339194B51FDC19FA00EDECC0 /* Extensions.swift */; };
		33BDD9DA1E7C3B1900D3B199 /* LandingSlidingMenu.xib in Resources */ = {isa = PBXBuildFile; fileRef = 33BDD9D91E7C3B1900D3B199 /* LandingSlidingMenu.xib */; };
		33BDD9DC1E7C852200D3B199 /* Landing.swift in Sources */ = {isa = PBXBuildFile; fileRef = 33BDD9DB1E7C852200D3B199 /* Landing.swift */; };
		33BDD9DF1E7C86A200D3B199 /* LandingSlidingMenu.swift in Sources */ = {isa = PBXBuildFile; fileRef = 33BDD9DE1E7C86A200D3B199 /* LandingSlidingMenu.swift */; };
		33CF205D1FDD7246009CF06B /* ExercisesPageVC.swift in Sources */ = {isa = PBXBuildFile; fileRef = 33CF205C1FDD7246009CF06B /* ExercisesPageVC.swift */; };
		33CF205F1FDD7464009CF06B /* ExerciseCVCell.swift in Sources */ = {isa = PBXBuildFile; fileRef = 33CF205E1FDD7464009CF06B /* ExerciseCVCell.swift */; };
		33CF20631FDDB7F7009CF06B /* ExercisesPBVC.swift in Sources */ = {isa = PBXBuildFile; fileRef = 33CF20621FDDB7F7009CF06B /* ExercisesPBVC.swift */; };
		33CF20681FDDD3AE009CF06B /* ViewPagerController.swift in Sources */ = {isa = PBXBuildFile; fileRef = 33CF20641FDDD3AD009CF06B /* ViewPagerController.swift */; };
		33CF20691FDDD3AE009CF06B /* ViewPagerTab.swift in Sources */ = {isa = PBXBuildFile; fileRef = 33CF20651FDDD3AE009CF06B /* ViewPagerTab.swift */; };
		33CF206A1FDDD3AE009CF06B /* ViewPagerTabView.swift in Sources */ = {isa = PBXBuildFile; fileRef = 33CF20661FDDD3AE009CF06B /* ViewPagerTabView.swift */; };
		33CF206B1FDDD3AE009CF06B /* ViewPagerOptions.swift in Sources */ = {isa = PBXBuildFile; fileRef = 33CF20671FDDD3AE009CF06B /* ViewPagerOptions.swift */; };
		33DEA6EF1FDCB711009A8242 /* Exercises.swift in Sources */ = {isa = PBXBuildFile; fileRef = 33DEA6EE1FDCB711009A8242 /* Exercises.swift */; };
		33DEF5841E7852AD008604C8 /* Register.swift in Sources */ = {isa = PBXBuildFile; fileRef = 33DEF5831E7852AD008604C8 /* Register.swift */; };
		33DEF5871E787E32008604C8 /* Register1.swift in Sources */ = {isa = PBXBuildFile; fileRef = 33DEF5861E787E32008604C8 /* Register1.swift */; };
		33DEF5891E787E40008604C8 /* Register2.swift in Sources */ = {isa = PBXBuildFile; fileRef = 33DEF5881E787E40008604C8 /* Register2.swift */; };
		33DEF58B1E787E4F008604C8 /* Register3.swift in Sources */ = {isa = PBXBuildFile; fileRef = 33DEF58A1E787E4F008604C8 /* Register3.swift */; };
		33E844901FDEC686005D8FAF /* Workout.swift in Sources */ = {isa = PBXBuildFile; fileRef = 33E8448F1FDEC686005D8FAF /* Workout.swift */; };
		33E844921FDECDD5005D8FAF /* WorkoutExConfigCVCell.swift in Sources */ = {isa = PBXBuildFile; fileRef = 33E844911FDECDD5005D8FAF /* WorkoutExConfigCVCell.swift */; };
		33E844951FDEDDC4005D8FAF /* WorkoutAddVC.swift in Sources */ = {isa = PBXBuildFile; fileRef = 33E844941FDEDDC4005D8FAF /* WorkoutAddVC.swift */; };
		33E844991FDEFA57005D8FAF /* KDDragAndDropCollectionView.swift in Sources */ = {isa = PBXBuildFile; fileRef = 33E844971FDEFA26005D8FAF /* KDDragAndDropCollectionView.swift */; };
		33E8449A1FDEFA5B005D8FAF /* KDDragAndDropManager.swift in Sources */ = {isa = PBXBuildFile; fileRef = 33E844981FDEFA26005D8FAF /* KDDragAndDropManager.swift */; };
		33E8449C1FDEFC37005D8FAF /* WorkoutAvailableExCVCell.swift in Sources */ = {isa = PBXBuildFile; fileRef = 33E8449B1FDEFC37005D8FAF /* WorkoutAvailableExCVCell.swift */; };
		33E8449E1FDF0424005D8FAF /* ProfileDimensionsVC.swift in Sources */ = {isa = PBXBuildFile; fileRef = 33E8449D1FDF0424005D8FAF /* ProfileDimensionsVC.swift */; };
		6448BD761DD7B33500A2DDFE /* AppDelegate.swift in Sources */ = {isa = PBXBuildFile; fileRef = 6448BD751DD7B33500A2DDFE /* AppDelegate.swift */; };
		6448BD7B1DD7B33500A2DDFE /* Main.storyboard in Resources */ = {isa = PBXBuildFile; fileRef = 6448BD791DD7B33500A2DDFE /* Main.storyboard */; };
		6448BD7D1DD7B33500A2DDFE /* Assets.xcassets in Resources */ = {isa = PBXBuildFile; fileRef = 6448BD7C1DD7B33500A2DDFE /* Assets.xcassets */; };
		6448BD801DD7B33500A2DDFE /* LaunchScreen.storyboard in Resources */ = {isa = PBXBuildFile; fileRef = 6448BD7E1DD7B33500A2DDFE /* LaunchScreen.storyboard */; };
		6448BD8B1DD7B33500A2DDFE /* MiBodyiOSTests.swift in Sources */ = {isa = PBXBuildFile; fileRef = 6448BD8A1DD7B33500A2DDFE /* MiBodyiOSTests.swift */; };
		6448BD961DD7B33500A2DDFE /* MiBodyiOSUITests.swift in Sources */ = {isa = PBXBuildFile; fileRef = 6448BD951DD7B33500A2DDFE /* MiBodyiOSUITests.swift */; };
		644C212A1DD7BBCB007EAF28 /* Login.swift in Sources */ = {isa = PBXBuildFile; fileRef = 644C21291DD7BBCB007EAF28 /* Login.swift */; };
		7E98A6460F690D746D25FAC8 /* Pods_MiBodyiOS.framework in Frameworks */ = {isa = PBXBuildFile; fileRef = 50553E13F69304C5E64CF436 /* Pods_MiBodyiOS.framework */; };
/* End PBXBuildFile section */

/* Begin PBXContainerItemProxy section */
		6448BD871DD7B33500A2DDFE /* PBXContainerItemProxy */ = {
			isa = PBXContainerItemProxy;
			containerPortal = 6448BD6A1DD7B33400A2DDFE /* Project object */;
			proxyType = 1;
			remoteGlobalIDString = 6448BD711DD7B33400A2DDFE;
			remoteInfo = MiBodyiOS;
		};
		6448BD921DD7B33500A2DDFE /* PBXContainerItemProxy */ = {
			isa = PBXContainerItemProxy;
			containerPortal = 6448BD6A1DD7B33400A2DDFE /* Project object */;
			proxyType = 1;
			remoteGlobalIDString = 6448BD711DD7B33400A2DDFE;
			remoteInfo = MiBodyiOS;
		};
/* End PBXContainerItemProxy section */

/* Begin PBXFileReference section */
		3305CC891E75E4C1000B3B85 /* GoogleService-Info.plist */ = {isa = PBXFileReference; fileEncoding = 4; lastKnownFileType = text.plist.xml; path = "GoogleService-Info.plist"; sourceTree = "<group>"; };
		3314BA451FDC469900C42CF5 /* ExercisesVC.swift */ = {isa = PBXFileReference; lastKnownFileType = sourcecode.swift; path = ExercisesVC.swift; sourceTree = "<group>"; };
		3314BA4B1FDC55B300C42CF5 /* Exercise.swift */ = {isa = PBXFileReference; lastKnownFileType = sourcecode.swift; path = Exercise.swift; sourceTree = "<group>"; };
		3314BA4D1FDC581600C42CF5 /* WorkoutEx.swift */ = {isa = PBXFileReference; lastKnownFileType = sourcecode.swift; path = WorkoutEx.swift; sourceTree = "<group>"; };
		3314BA511FDC5E4100C42CF5 /* WorkoutsVC.swift */ = {isa = PBXFileReference; lastKnownFileType = sourcecode.swift; path = WorkoutsVC.swift; sourceTree = "<group>"; };
		3314BA531FDC61A400C42CF5 /* ProfileVC.swift */ = {isa = PBXFileReference; lastKnownFileType = sourcecode.swift; path = ProfileVC.swift; sourceTree = "<group>"; };
		3321E5FE1FDDE33500E2995D /* ExerciseDetailsVC.swift */ = {isa = PBXFileReference; lastKnownFileType = sourcecode.swift; path = ExerciseDetailsVC.swift; sourceTree = "<group>"; };
		3321E6001FDDE4B100E2995D /* ExerciseDetailsDescVC.swift */ = {isa = PBXFileReference; lastKnownFileType = sourcecode.swift; path = ExerciseDetailsDescVC.swift; sourceTree = "<group>"; };
		3321E6021FDDE4C000E2995D /* ExerciseDetailsGifVC.swift */ = {isa = PBXFileReference; lastKnownFileType = sourcecode.swift; path = ExerciseDetailsGifVC.swift; sourceTree = "<group>"; };
		3321E6131FDE062500E2995D /* calfraises_gif.gif */ = {isa = PBXFileReference; lastKnownFileType = image.gif; path = calfraises_gif.gif; sourceTree = "<group>"; };
		3321E6141FDE062500E2995D /* chinup_gif.gif */ = {isa = PBXFileReference; lastKnownFileType = image.gif; path = chinup_gif.gif; sourceTree = "<group>"; };
		3321E6151FDE062500E2995D /* dip_gif.gif */ = {isa = PBXFileReference; lastKnownFileType = image.gif; path = dip_gif.gif; sourceTree = "<group>"; };
		3321E6161FDE062500E2995D /* inclinedpushup_gif.gif */ = {isa = PBXFileReference; lastKnownFileType = image.gif; path = inclinedpushup_gif.gif; sourceTree = "<group>"; };
		3321E6171FDE062500E2995D /* legraise_gif.gif */ = {isa = PBXFileReference; lastKnownFileType = image.gif; path = legraise_gif.gif; sourceTree = "<group>"; };
		3321E6181FDE062500E2995D /* lunge_gif.gif */ = {isa = PBXFileReference; lastKnownFileType = image.gif; path = lunge_gif.gif; sourceTree = "<group>"; };
		3321E6191FDE062500E2995D /* pullup_gif.gif */ = {isa = PBXFileReference; lastKnownFileType = image.gif; path = pullup_gif.gif; sourceTree = "<group>"; };
		3321E61A1FDE062500E2995D /* pushup_gif.gif */ = {isa = PBXFileReference; lastKnownFileType = image.gif; path = pushup_gif.gif; sourceTree = "<group>"; };
		3321E61B1FDE062500E2995D /* situp_gif.gif */ = {isa = PBXFileReference; lastKnownFileType = image.gif; path = situp_gif.gif; sourceTree = "<group>"; };
		3321E61C1FDE062500E2995D /* squat_gif.gif */ = {isa = PBXFileReference; lastKnownFileType = image.gif; path = squat_gif.gif; sourceTree = "<group>"; };
		336B14581FDEA9810029573D /* HomeVC.swift */ = {isa = PBXFileReference; lastKnownFileType = sourcecode.swift; path = HomeVC.swift; sourceTree = "<group>"; };
		336B145B1FDEC0C90029573D /* WorkoutsPersonalisedVC.swift */ = {isa = PBXFileReference; lastKnownFileType = sourcecode.swift; path = WorkoutsPersonalisedVC.swift; sourceTree = "<group>"; };
		339194B51FDC19FA00EDECC0 /* Extensions.swift */ = {isa = PBXFileReference; lastKnownFileType = sourcecode.swift; path = Extensions.swift; sourceTree = "<group>"; };
		33BDD9D91E7C3B1900D3B199 /* LandingSlidingMenu.xib */ = {isa = PBXFileReference; fileEncoding = 4; lastKnownFileType = file.xib; path = LandingSlidingMenu.xib; sourceTree = "<group>"; };
		33BDD9DB1E7C852200D3B199 /* Landing.swift */ = {isa = PBXFileReference; fileEncoding = 4; lastKnownFileType = sourcecode.swift; path = Landing.swift; sourceTree = "<group>"; };
		33BDD9DE1E7C86A200D3B199 /* LandingSlidingMenu.swift */ = {isa = PBXFileReference; fileEncoding = 4; lastKnownFileType = sourcecode.swift; path = LandingSlidingMenu.swift; sourceTree = "<group>"; };
		33CF205C1FDD7246009CF06B /* ExercisesPageVC.swift */ = {isa = PBXFileReference; lastKnownFileType = sourcecode.swift; path = ExercisesPageVC.swift; sourceTree = "<group>"; };
		33CF205E1FDD7464009CF06B /* ExerciseCVCell.swift */ = {isa = PBXFileReference; lastKnownFileType = sourcecode.swift; path = ExerciseCVCell.swift; sourceTree = "<group>"; };
		33CF20621FDDB7F7009CF06B /* ExercisesPBVC.swift */ = {isa = PBXFileReference; lastKnownFileType = sourcecode.swift; path = ExercisesPBVC.swift; sourceTree = "<group>"; };
		33CF20641FDDD3AD009CF06B /* ViewPagerController.swift */ = {isa = PBXFileReference; lastKnownFileType = sourcecode.swift; path = ViewPagerController.swift; sourceTree = "<group>"; };
		33CF20651FDDD3AE009CF06B /* ViewPagerTab.swift */ = {isa = PBXFileReference; lastKnownFileType = sourcecode.swift; path = ViewPagerTab.swift; sourceTree = "<group>"; };
		33CF20661FDDD3AE009CF06B /* ViewPagerTabView.swift */ = {isa = PBXFileReference; lastKnownFileType = sourcecode.swift; path = ViewPagerTabView.swift; sourceTree = "<group>"; };
		33CF20671FDDD3AE009CF06B /* ViewPagerOptions.swift */ = {isa = PBXFileReference; lastKnownFileType = sourcecode.swift; path = ViewPagerOptions.swift; sourceTree = "<group>"; };
		33DEA6EE1FDCB711009A8242 /* Exercises.swift */ = {isa = PBXFileReference; lastKnownFileType = sourcecode.swift; path = Exercises.swift; sourceTree = "<group>"; };
		33DEF5831E7852AD008604C8 /* Register.swift */ = {isa = PBXFileReference; fileEncoding = 4; lastKnownFileType = sourcecode.swift; path = Register.swift; sourceTree = "<group>"; };
		33DEF5861E787E32008604C8 /* Register1.swift */ = {isa = PBXFileReference; fileEncoding = 4; lastKnownFileType = sourcecode.swift; path = Register1.swift; sourceTree = "<group>"; };
		33DEF5881E787E40008604C8 /* Register2.swift */ = {isa = PBXFileReference; fileEncoding = 4; lastKnownFileType = sourcecode.swift; path = Register2.swift; sourceTree = "<group>"; };
		33DEF58A1E787E4F008604C8 /* Register3.swift */ = {isa = PBXFileReference; fileEncoding = 4; lastKnownFileType = sourcecode.swift; path = Register3.swift; sourceTree = "<group>"; };
		33E1C99A1E777B58006E5A70 /* MiBodyiOS.entitlements */ = {isa = PBXFileReference; lastKnownFileType = text.plist.entitlements; path = MiBodyiOS.entitlements; sourceTree = "<group>"; };
		33E8448F1FDEC686005D8FAF /* Workout.swift */ = {isa = PBXFileReference; lastKnownFileType = sourcecode.swift; path = Workout.swift; sourceTree = "<group>"; };
		33E844911FDECDD5005D8FAF /* WorkoutExConfigCVCell.swift */ = {isa = PBXFileReference; lastKnownFileType = sourcecode.swift; path = WorkoutExConfigCVCell.swift; sourceTree = "<group>"; };
		33E844941FDEDDC4005D8FAF /* WorkoutAddVC.swift */ = {isa = PBXFileReference; lastKnownFileType = sourcecode.swift; path = WorkoutAddVC.swift; sourceTree = "<group>"; };
		33E844971FDEFA26005D8FAF /* KDDragAndDropCollectionView.swift */ = {isa = PBXFileReference; lastKnownFileType = sourcecode.swift; path = KDDragAndDropCollectionView.swift; sourceTree = "<group>"; };
		33E844981FDEFA26005D8FAF /* KDDragAndDropManager.swift */ = {isa = PBXFileReference; lastKnownFileType = sourcecode.swift; path = KDDragAndDropManager.swift; sourceTree = "<group>"; };
		33E8449B1FDEFC37005D8FAF /* WorkoutAvailableExCVCell.swift */ = {isa = PBXFileReference; lastKnownFileType = sourcecode.swift; path = WorkoutAvailableExCVCell.swift; sourceTree = "<group>"; };
		33E8449D1FDF0424005D8FAF /* ProfileDimensionsVC.swift */ = {isa = PBXFileReference; lastKnownFileType = sourcecode.swift; path = ProfileDimensionsVC.swift; sourceTree = "<group>"; };
		4A089E491B169AD8A03205F6 /* Pods_MiBodyiOSTests.framework */ = {isa = PBXFileReference; explicitFileType = wrapper.framework; includeInIndex = 0; path = Pods_MiBodyiOSTests.framework; sourceTree = BUILT_PRODUCTS_DIR; };
		50553E13F69304C5E64CF436 /* Pods_MiBodyiOS.framework */ = {isa = PBXFileReference; explicitFileType = wrapper.framework; includeInIndex = 0; path = Pods_MiBodyiOS.framework; sourceTree = BUILT_PRODUCTS_DIR; };
		6448BD721DD7B33500A2DDFE /* MiBodyiOS.app */ = {isa = PBXFileReference; explicitFileType = wrapper.application; includeInIndex = 0; path = MiBodyiOS.app; sourceTree = BUILT_PRODUCTS_DIR; };
		6448BD751DD7B33500A2DDFE /* AppDelegate.swift */ = {isa = PBXFileReference; lastKnownFileType = sourcecode.swift; path = AppDelegate.swift; sourceTree = "<group>"; };
		6448BD7A1DD7B33500A2DDFE /* Base */ = {isa = PBXFileReference; lastKnownFileType = file.storyboard; name = Base; path = Base.lproj/Main.storyboard; sourceTree = "<group>"; };
		6448BD7C1DD7B33500A2DDFE /* Assets.xcassets */ = {isa = PBXFileReference; lastKnownFileType = folder.assetcatalog; path = Assets.xcassets; sourceTree = "<group>"; };
		6448BD7F1DD7B33500A2DDFE /* Base */ = {isa = PBXFileReference; lastKnownFileType = file.storyboard; name = Base; path = Base.lproj/LaunchScreen.storyboard; sourceTree = "<group>"; };
		6448BD811DD7B33500A2DDFE /* Info.plist */ = {isa = PBXFileReference; lastKnownFileType = text.plist.xml; path = Info.plist; sourceTree = "<group>"; };
		6448BD861DD7B33500A2DDFE /* MiBodyiOSTests.xctest */ = {isa = PBXFileReference; explicitFileType = wrapper.cfbundle; includeInIndex = 0; path = MiBodyiOSTests.xctest; sourceTree = BUILT_PRODUCTS_DIR; };
		6448BD8A1DD7B33500A2DDFE /* MiBodyiOSTests.swift */ = {isa = PBXFileReference; lastKnownFileType = sourcecode.swift; path = MiBodyiOSTests.swift; sourceTree = "<group>"; };
		6448BD8C1DD7B33500A2DDFE /* Info.plist */ = {isa = PBXFileReference; lastKnownFileType = text.plist.xml; path = Info.plist; sourceTree = "<group>"; };
		6448BD911DD7B33500A2DDFE /* MiBodyiOSUITests.xctest */ = {isa = PBXFileReference; explicitFileType = wrapper.cfbundle; includeInIndex = 0; path = MiBodyiOSUITests.xctest; sourceTree = BUILT_PRODUCTS_DIR; };
		6448BD951DD7B33500A2DDFE /* MiBodyiOSUITests.swift */ = {isa = PBXFileReference; lastKnownFileType = sourcecode.swift; path = MiBodyiOSUITests.swift; sourceTree = "<group>"; };
		6448BD971DD7B33500A2DDFE /* Info.plist */ = {isa = PBXFileReference; lastKnownFileType = text.plist.xml; path = Info.plist; sourceTree = "<group>"; };
		644C21291DD7BBCB007EAF28 /* Login.swift */ = {isa = PBXFileReference; fileEncoding = 4; lastKnownFileType = sourcecode.swift; path = Login.swift; sourceTree = "<group>"; };
		85F900EEA5783636FF24B575 /* Pods-MiBodyiOS.release.xcconfig */ = {isa = PBXFileReference; includeInIndex = 1; lastKnownFileType = text.xcconfig; name = "Pods-MiBodyiOS.release.xcconfig"; path = "Pods/Target Support Files/Pods-MiBodyiOS/Pods-MiBodyiOS.release.xcconfig"; sourceTree = "<group>"; };
		CF3A927C6AA65A06E6E1D736 /* Pods_MiBodyiOSUITests.framework */ = {isa = PBXFileReference; explicitFileType = wrapper.framework; includeInIndex = 0; path = Pods_MiBodyiOSUITests.framework; sourceTree = BUILT_PRODUCTS_DIR; };
		D9A4E191C97E30084B248CF9 /* Pods-MiBodyiOS.debug.xcconfig */ = {isa = PBXFileReference; includeInIndex = 1; lastKnownFileType = text.xcconfig; name = "Pods-MiBodyiOS.debug.xcconfig"; path = "Pods/Target Support Files/Pods-MiBodyiOS/Pods-MiBodyiOS.debug.xcconfig"; sourceTree = "<group>"; };
/* End PBXFileReference section */

/* Begin PBXFrameworksBuildPhase section */
		6448BD6F1DD7B33400A2DDFE /* Frameworks */ = {
			isa = PBXFrameworksBuildPhase;
			buildActionMask = 2147483647;
			files = (
				7E98A6460F690D746D25FAC8 /* Pods_MiBodyiOS.framework in Frameworks */,
			);
			runOnlyForDeploymentPostprocessing = 0;
		};
		6448BD831DD7B33500A2DDFE /* Frameworks */ = {
			isa = PBXFrameworksBuildPhase;
			buildActionMask = 2147483647;
			files = (
			);
			runOnlyForDeploymentPostprocessing = 0;
		};
		6448BD8E1DD7B33500A2DDFE /* Frameworks */ = {
			isa = PBXFrameworksBuildPhase;
			buildActionMask = 2147483647;
			files = (
			);
			runOnlyForDeploymentPostprocessing = 0;
		};
/* End PBXFrameworksBuildPhase section */

/* Begin PBXGroup section */
		2D390238F396A45D51EF0391 /* Pods */ = {
			isa = PBXGroup;
			children = (
				D9A4E191C97E30084B248CF9 /* Pods-MiBodyiOS.debug.xcconfig */,
				85F900EEA5783636FF24B575 /* Pods-MiBodyiOS.release.xcconfig */,
			);
			name = Pods;
			sourceTree = "<group>";
		};
		3314BA4F1FDC5B7D00C42CF5 /* Model */ = {
			isa = PBXGroup;
			children = (
				3314BA4B1FDC55B300C42CF5 /* Exercise.swift */,
				3314BA4D1FDC581600C42CF5 /* WorkoutEx.swift */,
				33E8448F1FDEC686005D8FAF /* Workout.swift */,
			);
			name = Model;
			sourceTree = "<group>";
		};
		3314BA501FDC5BA500C42CF5 /* Exercises */ = {
			isa = PBXGroup;
			children = (
				3314BA451FDC469900C42CF5 /* ExercisesVC.swift */,
				33CF20621FDDB7F7009CF06B /* ExercisesPBVC.swift */,
				33CF205C1FDD7246009CF06B /* ExercisesPageVC.swift */,
				33DEA6EE1FDCB711009A8242 /* Exercises.swift */,
				3321E6061FDE00C800E2995D /* Details */,
			);
			name = Exercises;
			sourceTree = "<group>";
		};
		3321E6061FDE00C800E2995D /* Details */ = {
			isa = PBXGroup;
			children = (
				3321E5FE1FDDE33500E2995D /* ExerciseDetailsVC.swift */,
				3321E6021FDDE4C000E2995D /* ExerciseDetailsGifVC.swift */,
				3321E6001FDDE4B100E2995D /* ExerciseDetailsDescVC.swift */,
			);
			name = Details;
			sourceTree = "<group>";
		};
		3321E6121FDE062500E2995D /* GIFs */ = {
			isa = PBXGroup;
			children = (
				3321E6131FDE062500E2995D /* calfraises_gif.gif */,
				3321E6141FDE062500E2995D /* chinup_gif.gif */,
				3321E6151FDE062500E2995D /* dip_gif.gif */,
				3321E6161FDE062500E2995D /* inclinedpushup_gif.gif */,
				3321E6171FDE062500E2995D /* legraise_gif.gif */,
				3321E6181FDE062500E2995D /* lunge_gif.gif */,
				3321E6191FDE062500E2995D /* pullup_gif.gif */,
				3321E61A1FDE062500E2995D /* pushup_gif.gif */,
				3321E61B1FDE062500E2995D /* situp_gif.gif */,
				3321E61C1FDE062500E2995D /* squat_gif.gif */,
			);
			path = GIFs;
			sourceTree = "<group>";
		};
		336A03AB1FDC3EF800EED5EC /* Registration */ = {
			isa = PBXGroup;
			children = (
				644C21291DD7BBCB007EAF28 /* Login.swift */,
				33DEF5831E7852AD008604C8 /* Register.swift */,
				33DEF5861E787E32008604C8 /* Register1.swift */,
				33DEF5881E787E40008604C8 /* Register2.swift */,
				33DEF58A1E787E4F008604C8 /* Register3.swift */,
			);
			name = Registration;
			sourceTree = "<group>";
		};
		336B145A1FDEB2DC0029573D /* Home */ = {
			isa = PBXGroup;
			children = (
				336B14581FDEA9810029573D /* HomeVC.swift */,
				33BDD9DB1E7C852200D3B199 /* Landing.swift */,
				33BDD9DE1E7C86A200D3B199 /* LandingSlidingMenu.swift */,
			);
			name = Home;
			sourceTree = "<group>";
		};
		336B145D1FDEC5160029573D /* Workouts */ = {
			isa = PBXGroup;
			children = (
				3314BA511FDC5E4100C42CF5 /* WorkoutsVC.swift */,
				336B145B1FDEC0C90029573D /* WorkoutsPersonalisedVC.swift */,
				33E844941FDEDDC4005D8FAF /* WorkoutAddVC.swift */,
			);
			name = Workouts;
			sourceTree = "<group>";
		};
		33BDD9D81E7C3AF000D3B199 /* View */ = {
			isa = PBXGroup;
			children = (
				33E844961FDEFA26005D8FAF /* DragDropCollectionViews */,
				33E844931FDECDFD005D8FAF /* Cells */,
				33CF206C1FDDD3B7009CF06B /* ViewPager */,
				33BDD9D91E7C3B1900D3B199 /* LandingSlidingMenu.xib */,
			);
			name = View;
			sourceTree = "<group>";
		};
		33BDD9DD1E7C867800D3B199 /* Helper */ = {
			isa = PBXGroup;
			children = (
				339194B51FDC19FA00EDECC0 /* Extensions.swift */,
			);
			name = Helper;
			sourceTree = "<group>";
		};
		33CF206C1FDDD3B7009CF06B /* ViewPager */ = {
			isa = PBXGroup;
			children = (
				33CF20641FDDD3AD009CF06B /* ViewPagerController.swift */,
				33CF20671FDDD3AE009CF06B /* ViewPagerOptions.swift */,
				33CF20651FDDD3AE009CF06B /* ViewPagerTab.swift */,
				33CF20661FDDD3AE009CF06B /* ViewPagerTabView.swift */,
			);
			name = ViewPager;
			sourceTree = "<group>";
		};
		33E844931FDECDFD005D8FAF /* Cells */ = {
			isa = PBXGroup;
			children = (
				33CF205E1FDD7464009CF06B /* ExerciseCVCell.swift */,
				33E8449B1FDEFC37005D8FAF /* WorkoutAvailableExCVCell.swift */,
				33E844911FDECDD5005D8FAF /* WorkoutExConfigCVCell.swift */,
			);
			name = Cells;
			sourceTree = "<group>";
		};
		33E844961FDEFA26005D8FAF /* DragDropCollectionViews */ = {
			isa = PBXGroup;
			children = (
				33E844971FDEFA26005D8FAF /* KDDragAndDropCollectionView.swift */,
				33E844981FDEFA26005D8FAF /* KDDragAndDropManager.swift */,
			);
			path = DragDropCollectionViews;
			sourceTree = "<group>";
		};
		5CDF2FF02FBA8927D959943C /* Frameworks */ = {
			isa = PBXGroup;
			children = (
				50553E13F69304C5E64CF436 /* Pods_MiBodyiOS.framework */,
				4A089E491B169AD8A03205F6 /* Pods_MiBodyiOSTests.framework */,
				CF3A927C6AA65A06E6E1D736 /* Pods_MiBodyiOSUITests.framework */,
			);
			name = Frameworks;
			sourceTree = "<group>";
		};
		6448BD691DD7B33400A2DDFE = {
			isa = PBXGroup;
			children = (
				6448BD741DD7B33500A2DDFE /* MiBodyiOS */,
				6448BD891DD7B33500A2DDFE /* MiBodyiOSTests */,
				6448BD941DD7B33500A2DDFE /* MiBodyiOSUITests */,
				6448BD731DD7B33500A2DDFE /* Products */,
				2D390238F396A45D51EF0391 /* Pods */,
				5CDF2FF02FBA8927D959943C /* Frameworks */,
			);
			sourceTree = "<group>";
		};
		6448BD731DD7B33500A2DDFE /* Products */ = {
			isa = PBXGroup;
			children = (
				6448BD721DD7B33500A2DDFE /* MiBodyiOS.app */,
				6448BD861DD7B33500A2DDFE /* MiBodyiOSTests.xctest */,
				6448BD911DD7B33500A2DDFE /* MiBodyiOSUITests.xctest */,
			);
			name = Products;
			sourceTree = "<group>";
		};
		6448BD741DD7B33500A2DDFE /* MiBodyiOS */ = {
			isa = PBXGroup;
			children = (
				3321E6121FDE062500E2995D /* GIFs */,
				33BDD9DD1E7C867800D3B199 /* Helper */,
				33BDD9D81E7C3AF000D3B199 /* View */,
				3314BA4F1FDC5B7D00C42CF5 /* Model */,
				644C21261DD7BB69007EAF28 /* Controller */,
				6448BD751DD7B33500A2DDFE /* AppDelegate.swift */,
				6448BD791DD7B33500A2DDFE /* Main.storyboard */,
				6448BD7C1DD7B33500A2DDFE /* Assets.xcassets */,
				6448BD7E1DD7B33500A2DDFE /* LaunchScreen.storyboard */,
				33E1C99A1E777B58006E5A70 /* MiBodyiOS.entitlements */,
				3305CC891E75E4C1000B3B85 /* GoogleService-Info.plist */,
				6448BD811DD7B33500A2DDFE /* Info.plist */,
			);
			path = MiBodyiOS;
			sourceTree = "<group>";
		};
		6448BD891DD7B33500A2DDFE /* MiBodyiOSTests */ = {
			isa = PBXGroup;
			children = (
				6448BD8A1DD7B33500A2DDFE /* MiBodyiOSTests.swift */,
				6448BD8C1DD7B33500A2DDFE /* Info.plist */,
			);
			path = MiBodyiOSTests;
			sourceTree = "<group>";
		};
		6448BD941DD7B33500A2DDFE /* MiBodyiOSUITests */ = {
			isa = PBXGroup;
			children = (
				6448BD951DD7B33500A2DDFE /* MiBodyiOSUITests.swift */,
				6448BD971DD7B33500A2DDFE /* Info.plist */,
			);
			path = MiBodyiOSUITests;
			sourceTree = "<group>";
		};
		644C21261DD7BB69007EAF28 /* Controller */ = {
			isa = PBXGroup;
			children = (
				336A03AB1FDC3EF800EED5EC /* Registration */,
				336B145A1FDEB2DC0029573D /* Home */,
				3314BA501FDC5BA500C42CF5 /* Exercises */,
				336B145D1FDEC5160029573D /* Workouts */,
				3314BA531FDC61A400C42CF5 /* ProfileVC.swift */,
				33E8449D1FDF0424005D8FAF /* ProfileDimensionsVC.swift */,
			);
			name = Controller;
			sourceTree = "<group>";
		};
/* End PBXGroup section */

/* Begin PBXNativeTarget section */
		6448BD711DD7B33400A2DDFE /* MiBodyiOS */ = {
			isa = PBXNativeTarget;
			buildConfigurationList = 6448BD9A1DD7B33500A2DDFE /* Build configuration list for PBXNativeTarget "MiBodyiOS" */;
			buildPhases = (
				AC60300ACE8964B5DE69AB1C /* [CP] Check Pods Manifest.lock */,
				6448BD6E1DD7B33400A2DDFE /* Sources */,
				6448BD6F1DD7B33400A2DDFE /* Frameworks */,
				6448BD701DD7B33400A2DDFE /* Resources */,
				78CBAF243124985BF359941D /* [CP] Embed Pods Frameworks */,
				76663223E3A99CA0150D29E7 /* [CP] Copy Pods Resources */,
			);
			buildRules = (
			);
			dependencies = (
			);
			name = MiBodyiOS;
			productName = MiBodyiOS;
			productReference = 6448BD721DD7B33500A2DDFE /* MiBodyiOS.app */;
			productType = "com.apple.product-type.application";
		};
		6448BD851DD7B33500A2DDFE /* MiBodyiOSTests */ = {
			isa = PBXNativeTarget;
			buildConfigurationList = 6448BD9D1DD7B33500A2DDFE /* Build configuration list for PBXNativeTarget "MiBodyiOSTests" */;
			buildPhases = (
				6448BD821DD7B33500A2DDFE /* Sources */,
				6448BD831DD7B33500A2DDFE /* Frameworks */,
				6448BD841DD7B33500A2DDFE /* Resources */,
			);
			buildRules = (
			);
			dependencies = (
				6448BD881DD7B33500A2DDFE /* PBXTargetDependency */,
			);
			name = MiBodyiOSTests;
			productName = MiBodyiOSTests;
			productReference = 6448BD861DD7B33500A2DDFE /* MiBodyiOSTests.xctest */;
			productType = "com.apple.product-type.bundle.unit-test";
		};
		6448BD901DD7B33500A2DDFE /* MiBodyiOSUITests */ = {
			isa = PBXNativeTarget;
			buildConfigurationList = 6448BDA01DD7B33500A2DDFE /* Build configuration list for PBXNativeTarget "MiBodyiOSUITests" */;
			buildPhases = (
				6448BD8D1DD7B33500A2DDFE /* Sources */,
				6448BD8E1DD7B33500A2DDFE /* Frameworks */,
				6448BD8F1DD7B33500A2DDFE /* Resources */,
			);
			buildRules = (
			);
			dependencies = (
				6448BD931DD7B33500A2DDFE /* PBXTargetDependency */,
			);
			name = MiBodyiOSUITests;
			productName = MiBodyiOSUITests;
			productReference = 6448BD911DD7B33500A2DDFE /* MiBodyiOSUITests.xctest */;
			productType = "com.apple.product-type.bundle.ui-testing";
		};
/* End PBXNativeTarget section */

/* Begin PBXProject section */
		6448BD6A1DD7B33400A2DDFE /* Project object */ = {
			isa = PBXProject;
			attributes = {
				LastSwiftUpdateCheck = 0800;
				LastUpgradeCheck = 0800;
				ORGANIZATIONNAME = MiBody;
				TargetAttributes = {
					6448BD711DD7B33400A2DDFE = {
						CreatedOnToolsVersion = 8.0;
						ProvisioningStyle = Manual;
						SystemCapabilities = {
							com.apple.Keychain = {
								enabled = 1;
							};
						};
					};
					6448BD851DD7B33500A2DDFE = {
						CreatedOnToolsVersion = 8.0;
						DevelopmentTeam = PBKTDMKLVC;
						ProvisioningStyle = Automatic;
						TestTargetID = 6448BD711DD7B33400A2DDFE;
					};
					6448BD901DD7B33500A2DDFE = {
						CreatedOnToolsVersion = 8.0;
						DevelopmentTeam = PBKTDMKLVC;
						ProvisioningStyle = Automatic;
						TestTargetID = 6448BD711DD7B33400A2DDFE;
					};
				};
			};
			buildConfigurationList = 6448BD6D1DD7B33400A2DDFE /* Build configuration list for PBXProject "MiBodyiOS" */;
			compatibilityVersion = "Xcode 3.2";
			developmentRegion = English;
			hasScannedForEncodings = 0;
			knownRegions = (
				en,
				Base,
			);
			mainGroup = 6448BD691DD7B33400A2DDFE;
			productRefGroup = 6448BD731DD7B33500A2DDFE /* Products */;
			projectDirPath = "";
			projectRoot = "";
			targets = (
				6448BD711DD7B33400A2DDFE /* MiBodyiOS */,
				6448BD851DD7B33500A2DDFE /* MiBodyiOSTests */,
				6448BD901DD7B33500A2DDFE /* MiBodyiOSUITests */,
			);
		};
/* End PBXProject section */

/* Begin PBXResourcesBuildPhase section */
		6448BD701DD7B33400A2DDFE /* Resources */ = {
			isa = PBXResourcesBuildPhase;
			buildActionMask = 2147483647;
			files = (
				33BDD9DA1E7C3B1900D3B199 /* LandingSlidingMenu.xib in Resources */,
				3321E6261FDE064800E2995D /* squat_gif.gif in Resources */,
				3321E61F1FDE064800E2995D /* dip_gif.gif in Resources */,
				6448BD801DD7B33500A2DDFE /* LaunchScreen.storyboard in Resources */,
				3321E61D1FDE064800E2995D /* calfraises_gif.gif in Resources */,
				3305CC8A1E75E4C1000B3B85 /* GoogleService-Info.plist in Resources */,
				3321E6221FDE064800E2995D /* lunge_gif.gif in Resources */,
				3321E6211FDE064800E2995D /* legraise_gif.gif in Resources */,
				3321E6251FDE064800E2995D /* situp_gif.gif in Resources */,
				3321E6201FDE064800E2995D /* inclinedpushup_gif.gif in Resources */,
				6448BD7D1DD7B33500A2DDFE /* Assets.xcassets in Resources */,
				3321E6241FDE064800E2995D /* pushup_gif.gif in Resources */,
				3321E6231FDE064800E2995D /* pullup_gif.gif in Resources */,
				3321E61E1FDE064800E2995D /* chinup_gif.gif in Resources */,
				6448BD7B1DD7B33500A2DDFE /* Main.storyboard in Resources */,
			);
			runOnlyForDeploymentPostprocessing = 0;
		};
		6448BD841DD7B33500A2DDFE /* Resources */ = {
			isa = PBXResourcesBuildPhase;
			buildActionMask = 2147483647;
			files = (
			);
			runOnlyForDeploymentPostprocessing = 0;
		};
		6448BD8F1DD7B33500A2DDFE /* Resources */ = {
			isa = PBXResourcesBuildPhase;
			buildActionMask = 2147483647;
			files = (
			);
			runOnlyForDeploymentPostprocessing = 0;
		};
/* End PBXResourcesBuildPhase section */

/* Begin PBXShellScriptBuildPhase section */
		76663223E3A99CA0150D29E7 /* [CP] Copy Pods Resources */ = {
			isa = PBXShellScriptBuildPhase;
			buildActionMask = 2147483647;
			files = (
			);
			inputPaths = (
			);
			name = "[CP] Copy Pods Resources";
			outputPaths = (
			);
			runOnlyForDeploymentPostprocessing = 0;
			shellPath = /bin/sh;
			shellScript = "\"${SRCROOT}/Pods/Target Support Files/Pods-MiBodyiOS/Pods-MiBodyiOS-resources.sh\"\n";
			showEnvVarsInLog = 0;
		};
		78CBAF243124985BF359941D /* [CP] Embed Pods Frameworks */ = {
			isa = PBXShellScriptBuildPhase;
			buildActionMask = 2147483647;
			files = (
			);
			inputPaths = (
				"${SRCROOT}/Pods/Target Support Files/Pods-MiBodyiOS/Pods-MiBodyiOS-frameworks.sh",
				"${BUILT_PRODUCTS_DIR}/Bolts/Bolts.framework",
				"${BUILT_PRODUCTS_DIR}/FBSDKCoreKit/FBSDKCoreKit.framework",
				"${BUILT_PRODUCTS_DIR}/FBSDKLoginKit/FBSDKLoginKit.framework",
				"${BUILT_PRODUCTS_DIR}/FLAnimatedImage/FLAnimatedImage.framework",
				"${BUILT_PRODUCTS_DIR}/FSPagerView/FSPagerView.framework",
				"${BUILT_PRODUCTS_DIR}/FacebookCore/FacebookCore.framework",
				"${BUILT_PRODUCTS_DIR}/FacebookLogin/FacebookLogin.framework",
				"${BUILT_PRODUCTS_DIR}/GTMSessionFetcher/GTMSessionFetcher.framework",
				"${BUILT_PRODUCTS_DIR}/GoogleToolboxForMac/GoogleToolboxForMac.framework",
				"${BUILT_PRODUCTS_DIR}/ISHPullUp/ISHPullUp.framework",
				"${BUILT_PRODUCTS_DIR}/Pageboy/Pageboy.framework",
				"${BUILT_PRODUCTS_DIR}/Protobuf/Protobuf.framework",
				"${BUILT_PRODUCTS_DIR}/SDWebImage/SDWebImage.framework",
				"${BUILT_PRODUCTS_DIR}/SwiftyJSON/SwiftyJSON.framework",
			);
			name = "[CP] Embed Pods Frameworks";
			outputPaths = (
				"${TARGET_BUILD_DIR}/${FRAMEWORKS_FOLDER_PATH}/Bolts.framework",
				"${TARGET_BUILD_DIR}/${FRAMEWORKS_FOLDER_PATH}/FBSDKCoreKit.framework",
				"${TARGET_BUILD_DIR}/${FRAMEWORKS_FOLDER_PATH}/FBSDKLoginKit.framework",
				"${TARGET_BUILD_DIR}/${FRAMEWORKS_FOLDER_PATH}/FLAnimatedImage.framework",
				"${TARGET_BUILD_DIR}/${FRAMEWORKS_FOLDER_PATH}/FSPagerView.framework",
				"${TARGET_BUILD_DIR}/${FRAMEWORKS_FOLDER_PATH}/FacebookCore.framework",
				"${TARGET_BUILD_DIR}/${FRAMEWORKS_FOLDER_PATH}/FacebookLogin.framework",
				"${TARGET_BUILD_DIR}/${FRAMEWORKS_FOLDER_PATH}/GTMSessionFetcher.framework",
				"${TARGET_BUILD_DIR}/${FRAMEWORKS_FOLDER_PATH}/GoogleToolboxForMac.framework",
				"${TARGET_BUILD_DIR}/${FRAMEWORKS_FOLDER_PATH}/ISHPullUp.framework",
				"${TARGET_BUILD_DIR}/${FRAMEWORKS_FOLDER_PATH}/Pageboy.framework",
				"${TARGET_BUILD_DIR}/${FRAMEWORKS_FOLDER_PATH}/Protobuf.framework",
				"${TARGET_BUILD_DIR}/${FRAMEWORKS_FOLDER_PATH}/SDWebImage.framework",
				"${TARGET_BUILD_DIR}/${FRAMEWORKS_FOLDER_PATH}/SwiftyJSON.framework",
			);
			runOnlyForDeploymentPostprocessing = 0;
			shellPath = /bin/sh;
			shellScript = "\"${SRCROOT}/Pods/Target Support Files/Pods-MiBodyiOS/Pods-MiBodyiOS-frameworks.sh\"\n";
			showEnvVarsInLog = 0;
		};
		AC60300ACE8964B5DE69AB1C /* [CP] Check Pods Manifest.lock */ = {
			isa = PBXShellScriptBuildPhase;
			buildActionMask = 2147483647;
			files = (
			);
			inputPaths = (
				"${PODS_PODFILE_DIR_PATH}/Podfile.lock",
				"${PODS_ROOT}/Manifest.lock",
			);
			name = "[CP] Check Pods Manifest.lock";
			outputPaths = (
				"$(DERIVED_FILE_DIR)/Pods-MiBodyiOS-checkManifestLockResult.txt",
			);
			runOnlyForDeploymentPostprocessing = 0;
			shellPath = /bin/sh;
			shellScript = "diff \"${PODS_PODFILE_DIR_PATH}/Podfile.lock\" \"${PODS_ROOT}/Manifest.lock\" > /dev/null\nif [ $? != 0 ] ; then\n    # print error to STDERR\n    echo \"error: The sandbox is not in sync with the Podfile.lock. Run 'pod install' or update your CocoaPods installation.\" >&2\n    exit 1\nfi\n# This output is used by Xcode 'outputs' to avoid re-running this script phase.\necho \"SUCCESS\" > \"${SCRIPT_OUTPUT_FILE_0}\"\n";
			showEnvVarsInLog = 0;
		};
/* End PBXShellScriptBuildPhase section */

/* Begin PBXSourcesBuildPhase section */
		6448BD6E1DD7B33400A2DDFE /* Sources */ = {
			isa = PBXSourcesBuildPhase;
			buildActionMask = 2147483647;
			files = (
				3314BA541FDC61A400C42CF5 /* ProfileVC.swift in Sources */,
				33CF206B1FDDD3AE009CF06B /* ViewPagerOptions.swift in Sources */,
				33CF20631FDDB7F7009CF06B /* ExercisesPBVC.swift in Sources */,
				33E8449C1FDEFC37005D8FAF /* WorkoutAvailableExCVCell.swift in Sources */,
				3314BA521FDC5E4100C42CF5 /* WorkoutsVC.swift in Sources */,
				33E844951FDEDDC4005D8FAF /* WorkoutAddVC.swift in Sources */,
				33E8449A1FDEFA5B005D8FAF /* KDDragAndDropManager.swift in Sources */,
				3321E6011FDDE4B100E2995D /* ExerciseDetailsDescVC.swift in Sources */,
				33CF205D1FDD7246009CF06B /* ExercisesPageVC.swift in Sources */,
				644C212A1DD7BBCB007EAF28 /* Login.swift in Sources */,
				33DEF5841E7852AD008604C8 /* Register.swift in Sources */,
				33CF206A1FDDD3AE009CF06B /* ViewPagerTabView.swift in Sources */,
				3314BA461FDC469900C42CF5 /* ExercisesVC.swift in Sources */,
				33DEA6EF1FDCB711009A8242 /* Exercises.swift in Sources */,
				33BDD9DF1E7C86A200D3B199 /* LandingSlidingMenu.swift in Sources */,
				33CF205F1FDD7464009CF06B /* ExerciseCVCell.swift in Sources */,
				6448BD761DD7B33500A2DDFE /* AppDelegate.swift in Sources */,
				339194B61FDC19FA00EDECC0 /* Extensions.swift in Sources */,
				33DEF5871E787E32008604C8 /* Register1.swift in Sources */,
				33E844921FDECDD5005D8FAF /* WorkoutExConfigCVCell.swift in Sources */,
				3314BA4C1FDC55B300C42CF5 /* Exercise.swift in Sources */,
				336B14591FDEA9810029573D /* HomeVC.swift in Sources */,
				336B145C1FDEC0CA0029573D /* WorkoutsPersonalisedVC.swift in Sources */,
				3314BA4E1FDC581600C42CF5 /* WorkoutEx.swift in Sources */,
				3321E5FF1FDDE33500E2995D /* ExerciseDetailsVC.swift in Sources */,
				33BDD9DC1E7C852200D3B199 /* Landing.swift in Sources */,
				33CF20681FDDD3AE009CF06B /* ViewPagerController.swift in Sources */,
				33E8449E1FDF0424005D8FAF /* ProfileDimensionsVC.swift in Sources */,
				33E844901FDEC686005D8FAF /* Workout.swift in Sources */,
				33DEF58B1E787E4F008604C8 /* Register3.swift in Sources */,
				33CF20691FDDD3AE009CF06B /* ViewPagerTab.swift in Sources */,
				33DEF5891E787E40008604C8 /* Register2.swift in Sources */,
				3321E6031FDDE4C000E2995D /* ExerciseDetailsGifVC.swift in Sources */,
				33E844991FDEFA57005D8FAF /* KDDragAndDropCollectionView.swift in Sources */,
			);
			runOnlyForDeploymentPostprocessing = 0;
		};
		6448BD821DD7B33500A2DDFE /* Sources */ = {
			isa = PBXSourcesBuildPhase;
			buildActionMask = 2147483647;
			files = (
				6448BD8B1DD7B33500A2DDFE /* MiBodyiOSTests.swift in Sources */,
			);
			runOnlyForDeploymentPostprocessing = 0;
		};
		6448BD8D1DD7B33500A2DDFE /* Sources */ = {
			isa = PBXSourcesBuildPhase;
			buildActionMask = 2147483647;
			files = (
				6448BD961DD7B33500A2DDFE /* MiBodyiOSUITests.swift in Sources */,
			);
			runOnlyForDeploymentPostprocessing = 0;
		};
/* End PBXSourcesBuildPhase section */

/* Begin PBXTargetDependency section */
		6448BD881DD7B33500A2DDFE /* PBXTargetDependency */ = {
			isa = PBXTargetDependency;
			target = 6448BD711DD7B33400A2DDFE /* MiBodyiOS */;
			targetProxy = 6448BD871DD7B33500A2DDFE /* PBXContainerItemProxy */;
		};
		6448BD931DD7B33500A2DDFE /* PBXTargetDependency */ = {
			isa = PBXTargetDependency;
			target = 6448BD711DD7B33400A2DDFE /* MiBodyiOS */;
			targetProxy = 6448BD921DD7B33500A2DDFE /* PBXContainerItemProxy */;
		};
/* End PBXTargetDependency section */

/* Begin PBXVariantGroup section */
		6448BD791DD7B33500A2DDFE /* Main.storyboard */ = {
			isa = PBXVariantGroup;
			children = (
				6448BD7A1DD7B33500A2DDFE /* Base */,
			);
			name = Main.storyboard;
			sourceTree = "<group>";
		};
		6448BD7E1DD7B33500A2DDFE /* LaunchScreen.storyboard */ = {
			isa = PBXVariantGroup;
			children = (
				6448BD7F1DD7B33500A2DDFE /* Base */,
			);
			name = LaunchScreen.storyboard;
			sourceTree = "<group>";
		};
/* End PBXVariantGroup section */

/* Begin XCBuildConfiguration section */
		6448BD981DD7B33500A2DDFE /* Debug */ = {
			isa = XCBuildConfiguration;
			buildSettings = {
				ALWAYS_SEARCH_USER_PATHS = NO;
				CLANG_ANALYZER_NONNULL = YES;
				CLANG_CXX_LANGUAGE_STANDARD = "gnu++0x";
				CLANG_CXX_LIBRARY = "libc++";
				CLANG_ENABLE_MODULES = YES;
				CLANG_ENABLE_OBJC_ARC = YES;
				CLANG_WARN_BOOL_CONVERSION = YES;
				CLANG_WARN_CONSTANT_CONVERSION = YES;
				CLANG_WARN_DIRECT_OBJC_ISA_USAGE = YES_ERROR;
				CLANG_WARN_DOCUMENTATION_COMMENTS = YES;
				CLANG_WARN_EMPTY_BODY = YES;
				CLANG_WARN_ENUM_CONVERSION = YES;
				CLANG_WARN_INFINITE_RECURSION = YES;
				CLANG_WARN_INT_CONVERSION = YES;
				CLANG_WARN_OBJC_ROOT_CLASS = YES_ERROR;
				CLANG_WARN_SUSPICIOUS_MOVE = YES;
				CLANG_WARN_SUSPICIOUS_MOVES = YES;
				CLANG_WARN_UNREACHABLE_CODE = YES;
				CLANG_WARN__DUPLICATE_METHOD_MATCH = YES;
				"CODE_SIGN_IDENTITY[sdk=iphoneos*]" = "iPhone Developer";
				COPY_PHASE_STRIP = NO;
				DEBUG_INFORMATION_FORMAT = dwarf;
				ENABLE_STRICT_OBJC_MSGSEND = YES;
				ENABLE_TESTABILITY = YES;
				GCC_C_LANGUAGE_STANDARD = gnu99;
				GCC_DYNAMIC_NO_PIC = NO;
				GCC_NO_COMMON_BLOCKS = YES;
				GCC_OPTIMIZATION_LEVEL = 0;
				GCC_PREPROCESSOR_DEFINITIONS = (
					"DEBUG=1",
					"$(inherited)",
				);
				GCC_WARN_64_TO_32_BIT_CONVERSION = YES;
				GCC_WARN_ABOUT_RETURN_TYPE = YES_ERROR;
				GCC_WARN_UNDECLARED_SELECTOR = YES;
				GCC_WARN_UNINITIALIZED_AUTOS = YES_AGGRESSIVE;
				GCC_WARN_UNUSED_FUNCTION = YES;
				GCC_WARN_UNUSED_VARIABLE = YES;
				IPHONEOS_DEPLOYMENT_TARGET = 10.0;
				MTL_ENABLE_DEBUG_INFO = YES;
				ONLY_ACTIVE_ARCH = YES;
				SDKROOT = iphoneos;
				SWIFT_ACTIVE_COMPILATION_CONDITIONS = DEBUG;
				SWIFT_OPTIMIZATION_LEVEL = "-Onone";
				TARGETED_DEVICE_FAMILY = "1,2";
			};
			name = Debug;
		};
		6448BD991DD7B33500A2DDFE /* Release */ = {
			isa = XCBuildConfiguration;
			buildSettings = {
				ALWAYS_SEARCH_USER_PATHS = NO;
				CLANG_ANALYZER_NONNULL = YES;
				CLANG_CXX_LANGUAGE_STANDARD = "gnu++0x";
				CLANG_CXX_LIBRARY = "libc++";
				CLANG_ENABLE_MODULES = YES;
				CLANG_ENABLE_OBJC_ARC = YES;
				CLANG_WARN_BOOL_CONVERSION = YES;
				CLANG_WARN_CONSTANT_CONVERSION = YES;
				CLANG_WARN_DIRECT_OBJC_ISA_USAGE = YES_ERROR;
				CLANG_WARN_DOCUMENTATION_COMMENTS = YES;
				CLANG_WARN_EMPTY_BODY = YES;
				CLANG_WARN_ENUM_CONVERSION = YES;
				CLANG_WARN_INFINITE_RECURSION = YES;
				CLANG_WARN_INT_CONVERSION = YES;
				CLANG_WARN_OBJC_ROOT_CLASS = YES_ERROR;
				CLANG_WARN_SUSPICIOUS_MOVE = YES;
				CLANG_WARN_SUSPICIOUS_MOVES = YES;
				CLANG_WARN_UNREACHABLE_CODE = YES;
				CLANG_WARN__DUPLICATE_METHOD_MATCH = YES;
				"CODE_SIGN_IDENTITY[sdk=iphoneos*]" = "iPhone Developer";
				COPY_PHASE_STRIP = NO;
				DEBUG_INFORMATION_FORMAT = "dwarf-with-dsym";
				ENABLE_NS_ASSERTIONS = NO;
				ENABLE_STRICT_OBJC_MSGSEND = YES;
				GCC_C_LANGUAGE_STANDARD = gnu99;
				GCC_NO_COMMON_BLOCKS = YES;
				GCC_WARN_64_TO_32_BIT_CONVERSION = YES;
				GCC_WARN_ABOUT_RETURN_TYPE = YES_ERROR;
				GCC_WARN_UNDECLARED_SELECTOR = YES;
				GCC_WARN_UNINITIALIZED_AUTOS = YES_AGGRESSIVE;
				GCC_WARN_UNUSED_FUNCTION = YES;
				GCC_WARN_UNUSED_VARIABLE = YES;
				IPHONEOS_DEPLOYMENT_TARGET = 10.0;
				MTL_ENABLE_DEBUG_INFO = NO;
				SDKROOT = iphoneos;
				SWIFT_OPTIMIZATION_LEVEL = "-Owholemodule";
				TARGETED_DEVICE_FAMILY = "1,2";
				VALIDATE_PRODUCT = YES;
			};
			name = Release;
		};
		6448BD9B1DD7B33500A2DDFE /* Debug */ = {
			isa = XCBuildConfiguration;
			baseConfigurationReference = D9A4E191C97E30084B248CF9 /* Pods-MiBodyiOS.debug.xcconfig */;
			buildSettings = {
				ASSETCATALOG_COMPILER_APPICON_NAME = AppIcon;
				CODE_SIGN_ENTITLEMENTS = MiBodyiOS/MiBodyiOS.entitlements;
				CODE_SIGN_STYLE = Manual;
				DEVELOPMENT_TEAM = "";
				FRAMEWORK_SEARCH_PATHS = (
					"$(inherited)",
					"$(PROJECT_DIR)/Pods",
				);
				INFOPLIST_FILE = MiBodyiOS/Info.plist;
				IPHONEOS_DEPLOYMENT_TARGET = 10.0;
				LD_RUNPATH_SEARCH_PATHS = "$(inherited) @executable_path/Frameworks";
				PRODUCT_BUNDLE_IDENTIFIER = ch.philopateer.mibody;
				PRODUCT_NAME = "$(TARGET_NAME)";
				PROVISIONING_PROFILE_SPECIFIER = "";
				SWIFT_VERSION = 3.0;
				TARGETED_DEVICE_FAMILY = "1,2";
			};
			name = Debug;
		};
		6448BD9C1DD7B33500A2DDFE /* Release */ = {
			isa = XCBuildConfiguration;
			baseConfigurationReference = 85F900EEA5783636FF24B575 /* Pods-MiBodyiOS.release.xcconfig */;
			buildSettings = {
				ASSETCATALOG_COMPILER_APPICON_NAME = AppIcon;
				CODE_SIGN_ENTITLEMENTS = MiBodyiOS/MiBodyiOS.entitlements;
				CODE_SIGN_STYLE = Manual;
				DEVELOPMENT_TEAM = "";
				FRAMEWORK_SEARCH_PATHS = (
					"$(inherited)",
					"$(PROJECT_DIR)/Pods",
				);
				INFOPLIST_FILE = MiBodyiOS/Info.plist;
				IPHONEOS_DEPLOYMENT_TARGET = 10.0;
				LD_RUNPATH_SEARCH_PATHS = "$(inherited) @executable_path/Frameworks";
				PRODUCT_BUNDLE_IDENTIFIER = ch.philopateer.mibody;
				PRODUCT_NAME = "$(TARGET_NAME)";
				PROVISIONING_PROFILE_SPECIFIER = "";
				SWIFT_VERSION = 3.0;
				TARGETED_DEVICE_FAMILY = "1,2";
			};
			name = Release;
		};
		6448BD9E1DD7B33500A2DDFE /* Debug */ = {
			isa = XCBuildConfiguration;
			buildSettings = {
				ALWAYS_EMBED_SWIFT_STANDARD_LIBRARIES = YES;
				BUNDLE_LOADER = "$(TEST_HOST)";
				DEVELOPMENT_TEAM = PBKTDMKLVC;
				INFOPLIST_FILE = MiBodyiOSTests/Info.plist;
				LD_RUNPATH_SEARCH_PATHS = "$(inherited) @executable_path/Frameworks @loader_path/Frameworks";
				PRODUCT_BUNDLE_IDENTIFIER = cf.do7aelnakeeb.MiBodyiOSTests;
				PRODUCT_NAME = "$(TARGET_NAME)";
				SWIFT_VERSION = 3.0;
				TEST_HOST = "$(BUILT_PRODUCTS_DIR)/MiBodyiOS.app/MiBodyiOS";
			};
			name = Debug;
		};
		6448BD9F1DD7B33500A2DDFE /* Release */ = {
			isa = XCBuildConfiguration;
			buildSettings = {
				ALWAYS_EMBED_SWIFT_STANDARD_LIBRARIES = YES;
				BUNDLE_LOADER = "$(TEST_HOST)";
				DEVELOPMENT_TEAM = PBKTDMKLVC;
				INFOPLIST_FILE = MiBodyiOSTests/Info.plist;
				LD_RUNPATH_SEARCH_PATHS = "$(inherited) @executable_path/Frameworks @loader_path/Frameworks";
				PRODUCT_BUNDLE_IDENTIFIER = cf.do7aelnakeeb.MiBodyiOSTests;
				PRODUCT_NAME = "$(TARGET_NAME)";
				SWIFT_VERSION = 3.0;
				TEST_HOST = "$(BUILT_PRODUCTS_DIR)/MiBodyiOS.app/MiBodyiOS";
			};
			name = Release;
		};
		6448BDA11DD7B33500A2DDFE /* Debug */ = {
			isa = XCBuildConfiguration;
			buildSettings = {
				ALWAYS_EMBED_SWIFT_STANDARD_LIBRARIES = YES;
				DEVELOPMENT_TEAM = PBKTDMKLVC;
				INFOPLIST_FILE = MiBodyiOSUITests/Info.plist;
				LD_RUNPATH_SEARCH_PATHS = "$(inherited) @executable_path/Frameworks @loader_path/Frameworks";
				PRODUCT_BUNDLE_IDENTIFIER = cf.do7aelnakeeb.MiBodyiOSUITests;
				PRODUCT_NAME = "$(TARGET_NAME)";
				SWIFT_VERSION = 3.0;
				TEST_TARGET_NAME = MiBodyiOS;
			};
			name = Debug;
		};
		6448BDA21DD7B33500A2DDFE /* Release */ = {
			isa = XCBuildConfiguration;
			buildSettings = {
				ALWAYS_EMBED_SWIFT_STANDARD_LIBRARIES = YES;
				DEVELOPMENT_TEAM = PBKTDMKLVC;
				INFOPLIST_FILE = MiBodyiOSUITests/Info.plist;
				LD_RUNPATH_SEARCH_PATHS = "$(inherited) @executable_path/Frameworks @loader_path/Frameworks";
				PRODUCT_BUNDLE_IDENTIFIER = cf.do7aelnakeeb.MiBodyiOSUITests;
				PRODUCT_NAME = "$(TARGET_NAME)";
				SWIFT_VERSION = 3.0;
				TEST_TARGET_NAME = MiBodyiOS;
			};
			name = Release;
		};
/* End XCBuildConfiguration section */

/* Begin XCConfigurationList section */
		6448BD6D1DD7B33400A2DDFE /* Build configuration list for PBXProject "MiBodyiOS" */ = {
			isa = XCConfigurationList;
			buildConfigurations = (
				6448BD981DD7B33500A2DDFE /* Debug */,
				6448BD991DD7B33500A2DDFE /* Release */,
			);
			defaultConfigurationIsVisible = 0;
			defaultConfigurationName = Release;
		};
		6448BD9A1DD7B33500A2DDFE /* Build configuration list for PBXNativeTarget "MiBodyiOS" */ = {
			isa = XCConfigurationList;
			buildConfigurations = (
				6448BD9B1DD7B33500A2DDFE /* Debug */,
				6448BD9C1DD7B33500A2DDFE /* Release */,
			);
			defaultConfigurationIsVisible = 0;
			defaultConfigurationName = Release;
		};
		6448BD9D1DD7B33500A2DDFE /* Build configuration list for PBXNativeTarget "MiBodyiOSTests" */ = {
			isa = XCConfigurationList;
			buildConfigurations = (
				6448BD9E1DD7B33500A2DDFE /* Debug */,
				6448BD9F1DD7B33500A2DDFE /* Release */,
			);
			defaultConfigurationIsVisible = 0;
			defaultConfigurationName = Release;
		};
		6448BDA01DD7B33500A2DDFE /* Build configuration list for PBXNativeTarget "MiBodyiOSUITests" */ = {
			isa = XCConfigurationList;
			buildConfigurations = (
				6448BDA11DD7B33500A2DDFE /* Debug */,
				6448BDA21DD7B33500A2DDFE /* Release */,
			);
			defaultConfigurationIsVisible = 0;
			defaultConfigurationName = Release;
		};
/* End XCConfigurationList section */
	};
	rootObject = 6448BD6A1DD7B33400A2DDFE /* Project object */;
}
